
Microsoft Visual Studio Solution File, Format Version 12.00
# Visual Studio 15
VisualStudioVersion = 15.0.28010.2050
MinimumVisualStudioVersion = 10.0.40219.1
Project("{FAE04EC0-301F-11D3-BF4B-00C04F79EFBC}") = "XO_Project", "XO_Project\XO_Project.csproj", "{A0C8D346-1890-4B82-8699-0CF66A90C244}"
EndProject
Global
	GlobalSection(SolutionConfigurationPlatforms) = preSolution
		Debug|Any CPU = Debug|Any CPU
		Release|Any CPU = Release|Any CPU
	EndGlobalSection
	GlobalSection(ProjectConfigurationPlatforms) = postSolution
		{A0C8D346-1890-4B82-8699-0CF66A90C244}.Debug|Any CPU.ActiveCfg = Debug|Any CPU
		{A0C8D346-1890-4B82-8699-0CF66A90C244}.Debug|Any CPU.Build.0 = Debug|Any CPU
		{A0C8D346-1890-4B82-8699-0CF66A90C244}.Release|Any CPU.ActiveCfg = Release|Any CPU
		{A0C8D346-1890-4B82-8699-0CF66A90C244}.Release|Any CPU.Build.0 = Release|Any CPU
	EndGlobalSection
	GlobalSection(SolutionProperties) = preSolution
		HideSolutionNode = FALSE
	EndGlobalSection
	GlobalSection(ExtensibilityGlobals) = postSolution
		SolutionGuid = {4247E1AF-7167-4626-97CA-7FA19FC2FF04}
	EndGlobalSection
EndGlobal
